
Microsoft Visual Studio Solution File, Format Version 12.00
# Visual Studio Version 16
VisualStudioVersion = 16.0.31205.134
MinimumVisualStudioVersion = 10.0.40219.1
Project("{FAE04EC0-301F-11D3-BF4B-00C04F79EFBC}") = "SeleniumTest1", "SeleniumTest1\SeleniumTest1.csproj", "{82B20710-4234-4C80-BE5C-0DE0D59EC872}"
EndProject
Global
	GlobalSection(SolutionConfigurationPlatforms) = preSolution
		Debug|Any CPU = Debug|Any CPU
		Release|Any CPU = Release|Any CPU
	EndGlobalSection
	GlobalSection(ProjectConfigurationPlatforms) = postSolution
		{82B20710-4234-4C80-BE5C-0DE0D59EC872}.Debug|Any CPU.ActiveCfg = Debug|Any CPU
		{82B20710-4234-4C80-BE5C-0DE0D59EC872}.Debug|Any CPU.Build.0 = Debug|Any CPU
		{82B20710-4234-4C80-BE5C-0DE0D59EC872}.Release|Any CPU.ActiveCfg = Release|Any CPU
		{82B20710-4234-4C80-BE5C-0DE0D59EC872}.Release|Any CPU.Build.0 = Release|Any CPU
	EndGlobalSection
	GlobalSection(SolutionProperties) = preSolution
		HideSolutionNode = FALSE
	EndGlobalSection
	GlobalSection(ExtensibilityGlobals) = postSolution
		SolutionGuid = {3D1AF17F-B407-49C8-BB90-04A373034A4D}
	EndGlobalSection
EndGlobal
